
Microsoft Visual Studio Solution File, Format Version 12.00
# Visual Studio Version 17
VisualStudioVersion = 17.11.35303.130
MinimumVisualStudioVersion = 10.0.40219.1
Project("{FAE04EC0-301F-11D3-BF4B-00C04F79EFBC}") = "Week1FirstApp", "Week1FirstApp\Week1FirstApp.csproj", "{51983BC2-37E0-4F92-9687-A8ACE0E3F33F}"
EndProject
Global
	GlobalSection(SolutionConfigurationPlatforms) = preSolution
		Debug|Any CPU = Debug|Any CPU
		Release|Any CPU = Release|Any CPU
	EndGlobalSection
	GlobalSection(ProjectConfigurationPlatforms) = postSolution
		{51983BC2-37E0-4F92-9687-A8ACE0E3F33F}.Debug|Any CPU.ActiveCfg = Debug|Any CPU
		{51983BC2-37E0-4F92-9687-A8ACE0E3F33F}.Debug|Any CPU.Build.0 = Debug|Any CPU
		{51983BC2-37E0-4F92-9687-A8ACE0E3F33F}.Release|Any CPU.ActiveCfg = Release|Any CPU
		{51983BC2-37E0-4F92-9687-A8ACE0E3F33F}.Release|Any CPU.Build.0 = Release|Any CPU
	EndGlobalSection
	GlobalSection(SolutionProperties) = preSolution
		HideSolutionNode = FALSE
	EndGlobalSection
	GlobalSection(ExtensibilityGlobals) = postSolution
		SolutionGuid = {23D76781-74E0-4689-90BC-42A4F16747F4}
	EndGlobalSection
EndGlobal
